// !$*UTF8*$!
{
	archiveVersion = 1;
	classes = {
	};
	objectVersion = 56;
	objects = {

/* Begin PBXBuildFile section */
		C2306D112B6C6B6600EB0A09 /* UIView+Extension.swift in Sources */ = {isa = PBXBuildFile; fileRef = C2306D102B6C6B6600EB0A09 /* UIView+Extension.swift */; };
		C2306D142B6C90D800EB0A09 /* WalkThroughViewController.swift in Sources */ = {isa = PBXBuildFile; fileRef = C2306D132B6C90D800EB0A09 /* WalkThroughViewController.swift */; };
		C26195592B6723D8003A49AE /* AppDelegate.swift in Sources */ = {isa = PBXBuildFile; fileRef = C26195582B6723D8003A49AE /* AppDelegate.swift */; };
		C261955B2B6723D8003A49AE /* SceneDelegate.swift in Sources */ = {isa = PBXBuildFile; fileRef = C261955A2B6723D8003A49AE /* SceneDelegate.swift */; };
		C261955D2B6723D8003A49AE /* ViewController.swift in Sources */ = {isa = PBXBuildFile; fileRef = C261955C2B6723D8003A49AE /* ViewController.swift */; };
		C26195602B6723D8003A49AE /* Main.storyboard in Resources */ = {isa = PBXBuildFile; fileRef = C261955E2B6723D8003A49AE /* Main.storyboard */; };
		C26195622B6723DA003A49AE /* Assets.xcassets in Resources */ = {isa = PBXBuildFile; fileRef = C26195612B6723DA003A49AE /* Assets.xcassets */; };
		C26195652B6723DA003A49AE /* LaunchScreen.storyboard in Resources */ = {isa = PBXBuildFile; fileRef = C26195632B6723DA003A49AE /* LaunchScreen.storyboard */; };
		C261956D2B6727BE003A49AE /* SqaureBoxView.xib in Resources */ = {isa = PBXBuildFile; fileRef = C261956C2B6727BE003A49AE /* SqaureBoxView.xib */; };
		C261956F2B672950003A49AE /* SqaureBoxView.swift in Sources */ = {isa = PBXBuildFile; fileRef = C261956E2B672950003A49AE /* SqaureBoxView.swift */; };
		C26195722B6737D8003A49AE /* HomeViewController.swift in Sources */ = {isa = PBXBuildFile; fileRef = C26195712B6737D8003A49AE /* HomeViewController.swift */; };
		C26195752B6738D9003A49AE /* SnapKit in Frameworks */ = {isa = PBXBuildFile; productRef = C26195742B6738D9003A49AE /* SnapKit */; };
		C26195772B6738D9003A49AE /* SnapKit-Dynamic in Frameworks */ = {isa = PBXBuildFile; productRef = C26195762B6738D9003A49AE /* SnapKit-Dynamic */; };
		C261957A2B673B93003A49AE /* BlackRadiusTextField.swift in Sources */ = {isa = PBXBuildFile; fileRef = C26195792B673B93003A49AE /* BlackRadiusTextField.swift */; };
		C261957C2B674230003A49AE /* BlackTextLabel.swift in Sources */ = {isa = PBXBuildFile; fileRef = C261957B2B674230003A49AE /* BlackTextLabel.swift */; };
		C261957E2B6743AC003A49AE /* PosterImageView.swift in Sources */ = {isa = PBXBuildFile; fileRef = C261957D2B6743AC003A49AE /* PosterImageView.swift */; };
		C26195812B67530D003A49AE /* SearchViewController.swift in Sources */ = {isa = PBXBuildFile; fileRef = C26195802B67530D003A49AE /* SearchViewController.swift */; };
		C2898B552B687F9500AF9CE8 /* SearchCollectionViewCell.swift in Sources */ = {isa = PBXBuildFile; fileRef = C2898B542B687F9500AF9CE8 /* SearchCollectionViewCell.swift */; };
		C2898B582B68925A00AF9CE8 /* Alamofire in Frameworks */ = {isa = PBXBuildFile; productRef = C2898B572B68925A00AF9CE8 /* Alamofire */; };
		C2898B5B2B68926100AF9CE8 /* Kingfisher in Frameworks */ = {isa = PBXBuildFile; productRef = C2898B5A2B68926100AF9CE8 /* Kingfisher */; };
		C2898B5F2B6892A700AF9CE8 /* TMDBAPIManager.swift in Sources */ = {isa = PBXBuildFile; fileRef = C2898B5E2B6892A700AF9CE8 /* TMDBAPIManager.swift */; };
		C2898B612B6893C800AF9CE8 /* .gitignore in Resources */ = {isa = PBXBuildFile; fileRef = C2898B602B6893C800AF9CE8 /* .gitignore */; };
		C2898B632B68942100AF9CE8 /* APIKey.swift in Sources */ = {isa = PBXBuildFile; fileRef = C2898B622B68942100AF9CE8 /* APIKey.swift */; };
		C2898B652B6895AD00AF9CE8 /* TrendingModel.swift in Sources */ = {isa = PBXBuildFile; fileRef = C2898B642B6895AD00AF9CE8 /* TrendingModel.swift */; };
		C2898B672B68B79E00AF9CE8 /* SearchTableViewCell.swift in Sources */ = {isa = PBXBuildFile; fileRef = C2898B662B68B79E00AF9CE8 /* SearchTableViewCell.swift */; };
		C2898B692B68CD8000AF9CE8 /* PosterModel.swift in Sources */ = {isa = PBXBuildFile; fileRef = C2898B682B68CD8000AF9CE8 /* PosterModel.swift */; };
		C2898BB42B69CE1F00AF9CE8 /* GCDViewController.swift in Sources */ = {isa = PBXBuildFile; fileRef = C2898BB32B69CE1F00AF9CE8 /* GCDViewController.swift */; };
		C2898BB72B69E2EF00AF9CE8 /* FindViewController.swift in Sources */ = {isa = PBXBuildFile; fileRef = C2898BB62B69E2EF00AF9CE8 /* FindViewController.swift */; };
		C2898BBA2B69F3A400AF9CE8 /* BaseViewController.swift in Sources */ = {isa = PBXBuildFile; fileRef = C2898BB92B69F3A400AF9CE8 /* BaseViewController.swift */; };
		C2898BBD2B69F4DB00AF9CE8 /* DetailViewController.swift in Sources */ = {isa = PBXBuildFile; fileRef = C2898BBC2B69F4DB00AF9CE8 /* DetailViewController.swift */; };
		C29DEEC02B6B2511009AB30F /* HomeView.swift in Sources */ = {isa = PBXBuildFile; fileRef = C29DEEBF2B6B2511009AB30F /* HomeView.swift */; };
		C29DEEC22B6B31DD009AB30F /* FindView.swift in Sources */ = {isa = PBXBuildFile; fileRef = C29DEEC12B6B31DD009AB30F /* FindView.swift */; };
		C29DEEC42B6B364A009AB30F /* BaseView.swift in Sources */ = {isa = PBXBuildFile; fileRef = C29DEEC32B6B364A009AB30F /* BaseView.swift */; };
		C29DEEC62B6B5F0F009AB30F /* TMDBAPI.swift in Sources */ = {isa = PBXBuildFile; fileRef = C29DEEC52B6B5F0F009AB30F /* TMDBAPI.swift */; };
		C2EEE4682B7069C00056C34C /* TMDBSessionManager.swift in Sources */ = {isa = PBXBuildFile; fileRef = C2EEE4672B7069C00056C34C /* TMDBSessionManager.swift */; };
		C2EEE46B2B71B7EE0056C34C /* NasaViewController.swift in Sources */ = {isa = PBXBuildFile; fileRef = C2EEE46A2B71B7EE0056C34C /* NasaViewController.swift */; };
/* End PBXBuildFile section */

/* Begin PBXFileReference section */
		C2306D102B6C6B6600EB0A09 /* UIView+Extension.swift */ = {isa = PBXFileReference; lastKnownFileType = sourcecode.swift; path = "UIView+Extension.swift"; sourceTree = "<group>"; };
		C2306D132B6C90D800EB0A09 /* WalkThroughViewController.swift */ = {isa = PBXFileReference; lastKnownFileType = sourcecode.swift; path = WalkThroughViewController.swift; sourceTree = "<group>"; };
		C26195552B6723D8003A49AE /* SeSAC4Seflix.app */ = {isa = PBXFileReference; explicitFileType = wrapper.application; includeInIndex = 0; path = SeSAC4Seflix.app; sourceTree = BUILT_PRODUCTS_DIR; };
		C26195582B6723D8003A49AE /* AppDelegate.swift */ = {isa = PBXFileReference; lastKnownFileType = sourcecode.swift; path = AppDelegate.swift; sourceTree = "<group>"; };
		C261955A2B6723D8003A49AE /* SceneDelegate.swift */ = {isa = PBXFileReference; lastKnownFileType = sourcecode.swift; path = SceneDelegate.swift; sourceTree = "<group>"; };
		C261955C2B6723D8003A49AE /* ViewController.swift */ = {isa = PBXFileReference; lastKnownFileType = sourcecode.swift; path = ViewController.swift; sourceTree = "<group>"; };
		C261955F2B6723D8003A49AE /* Base */ = {isa = PBXFileReference; lastKnownFileType = file.storyboard; name = Base; path = Base.lproj/Main.storyboard; sourceTree = "<group>"; };
		C26195612B6723DA003A49AE /* Assets.xcassets */ = {isa = PBXFileReference; lastKnownFileType = folder.assetcatalog; path = Assets.xcassets; sourceTree = "<group>"; };
		C26195642B6723DA003A49AE /* Base */ = {isa = PBXFileReference; lastKnownFileType = file.storyboard; name = Base; path = Base.lproj/LaunchScreen.storyboard; sourceTree = "<group>"; };
		C26195662B6723DA003A49AE /* Info.plist */ = {isa = PBXFileReference; lastKnownFileType = text.plist.xml; path = Info.plist; sourceTree = "<group>"; };
		C261956C2B6727BE003A49AE /* SqaureBoxView.xib */ = {isa = PBXFileReference; lastKnownFileType = file.xib; path = SqaureBoxView.xib; sourceTree = "<group>"; };
		C261956E2B672950003A49AE /* SqaureBoxView.swift */ = {isa = PBXFileReference; lastKnownFileType = sourcecode.swift; path = SqaureBoxView.swift; sourceTree = "<group>"; };
		C26195712B6737D8003A49AE /* HomeViewController.swift */ = {isa = PBXFileReference; lastKnownFileType = sourcecode.swift; path = HomeViewController.swift; sourceTree = "<group>"; };
		C26195792B673B93003A49AE /* BlackRadiusTextField.swift */ = {isa = PBXFileReference; lastKnownFileType = sourcecode.swift; path = BlackRadiusTextField.swift; sourceTree = "<group>"; };
		C261957B2B674230003A49AE /* BlackTextLabel.swift */ = {isa = PBXFileReference; lastKnownFileType = sourcecode.swift; path = BlackTextLabel.swift; sourceTree = "<group>"; };
		C261957D2B6743AC003A49AE /* PosterImageView.swift */ = {isa = PBXFileReference; lastKnownFileType = sourcecode.swift; path = PosterImageView.swift; sourceTree = "<group>"; };
		C26195802B67530D003A49AE /* SearchViewController.swift */ = {isa = PBXFileReference; lastKnownFileType = sourcecode.swift; path = SearchViewController.swift; sourceTree = "<group>"; };
		C2898B542B687F9500AF9CE8 /* SearchCollectionViewCell.swift */ = {isa = PBXFileReference; lastKnownFileType = sourcecode.swift; path = SearchCollectionViewCell.swift; sourceTree = "<group>"; };
		C2898B5E2B6892A700AF9CE8 /* TMDBAPIManager.swift */ = {isa = PBXFileReference; lastKnownFileType = sourcecode.swift; path = TMDBAPIManager.swift; sourceTree = "<group>"; };
		C2898B602B6893C800AF9CE8 /* .gitignore */ = {isa = PBXFileReference; lastKnownFileType = text; path = .gitignore; sourceTree = "<group>"; };
		C2898B622B68942100AF9CE8 /* APIKey.swift */ = {isa = PBXFileReference; lastKnownFileType = sourcecode.swift; path = APIKey.swift; sourceTree = "<group>"; };
		C2898B642B6895AD00AF9CE8 /* TrendingModel.swift */ = {isa = PBXFileReference; lastKnownFileType = sourcecode.swift; path = TrendingModel.swift; sourceTree = "<group>"; };
		C2898B662B68B79E00AF9CE8 /* SearchTableViewCell.swift */ = {isa = PBXFileReference; lastKnownFileType = sourcecode.swift; path = SearchTableViewCell.swift; sourceTree = "<group>"; };
		C2898B682B68CD8000AF9CE8 /* PosterModel.swift */ = {isa = PBXFileReference; lastKnownFileType = sourcecode.swift; path = PosterModel.swift; sourceTree = "<group>"; };
		C2898BB32B69CE1F00AF9CE8 /* GCDViewController.swift */ = {isa = PBXFileReference; lastKnownFileType = sourcecode.swift; path = GCDViewController.swift; sourceTree = "<group>"; };
		C2898BB62B69E2EF00AF9CE8 /* FindViewController.swift */ = {isa = PBXFileReference; lastKnownFileType = sourcecode.swift; path = FindViewController.swift; sourceTree = "<group>"; };
		C2898BB92B69F3A400AF9CE8 /* BaseViewController.swift */ = {isa = PBXFileReference; lastKnownFileType = sourcecode.swift; path = BaseViewController.swift; sourceTree = "<group>"; };
		C2898BBC2B69F4DB00AF9CE8 /* DetailViewController.swift */ = {isa = PBXFileReference; lastKnownFileType = sourcecode.swift; path = DetailViewController.swift; sourceTree = "<group>"; };
		C29DEEBF2B6B2511009AB30F /* HomeView.swift */ = {isa = PBXFileReference; lastKnownFileType = sourcecode.swift; path = HomeView.swift; sourceTree = "<group>"; };
		C29DEEC12B6B31DD009AB30F /* FindView.swift */ = {isa = PBXFileReference; lastKnownFileType = sourcecode.swift; path = FindView.swift; sourceTree = "<group>"; };
		C29DEEC32B6B364A009AB30F /* BaseView.swift */ = {isa = PBXFileReference; lastKnownFileType = sourcecode.swift; path = BaseView.swift; sourceTree = "<group>"; };
		C29DEEC52B6B5F0F009AB30F /* TMDBAPI.swift */ = {isa = PBXFileReference; lastKnownFileType = sourcecode.swift; path = TMDBAPI.swift; sourceTree = "<group>"; };
		C2EEE4672B7069C00056C34C /* TMDBSessionManager.swift */ = {isa = PBXFileReference; lastKnownFileType = sourcecode.swift; path = TMDBSessionManager.swift; sourceTree = "<group>"; };
		C2EEE46A2B71B7EE0056C34C /* NasaViewController.swift */ = {isa = PBXFileReference; lastKnownFileType = sourcecode.swift; path = NasaViewController.swift; sourceTree = "<group>"; };
/* End PBXFileReference section */

/* Begin PBXFrameworksBuildPhase section */
		C26195522B6723D8003A49AE /* Frameworks */ = {
			isa = PBXFrameworksBuildPhase;
			buildActionMask = 2147483647;
			files = (
				C2898B5B2B68926100AF9CE8 /* Kingfisher in Frameworks */,
				C2898B582B68925A00AF9CE8 /* Alamofire in Frameworks */,
				C26195752B6738D9003A49AE /* SnapKit in Frameworks */,
				C26195772B6738D9003A49AE /* SnapKit-Dynamic in Frameworks */,
			);
			runOnlyForDeploymentPostprocessing = 0;
		};
/* End PBXFrameworksBuildPhase section */

/* Begin PBXGroup section */
		C2306D0F2B6C6B3E00EB0A09 /* Extension */ = {
			isa = PBXGroup;
			children = (
				C2898B682B68CD8000AF9CE8 /* PosterModel.swift */,
				C2306D102B6C6B6600EB0A09 /* UIView+Extension.swift */,
			);
			path = Extension;
			sourceTree = "<group>";
		};
		C2306D122B6C90B500EB0A09 /* Intro */ = {
			isa = PBXGroup;
			children = (
				C2306D132B6C90D800EB0A09 /* WalkThroughViewController.swift */,
			);
			path = Intro;
			sourceTree = "<group>";
		};
		C261954C2B6723D8003A49AE = {
			isa = PBXGroup;
			children = (
				C2898B602B6893C800AF9CE8 /* .gitignore */,
				C26195572B6723D8003A49AE /* SeSAC4Seflix */,
				C26195562B6723D8003A49AE /* Products */,
			);
			sourceTree = "<group>";
		};
		C26195562B6723D8003A49AE /* Products */ = {
			isa = PBXGroup;
			children = (
				C26195552B6723D8003A49AE /* SeSAC4Seflix.app */,
			);
			name = Products;
			sourceTree = "<group>";
		};
		C26195572B6723D8003A49AE /* SeSAC4Seflix */ = {
			isa = PBXGroup;
			children = (
				C2306D122B6C90B500EB0A09 /* Intro */,
				C2306D0F2B6C6B3E00EB0A09 /* Extension */,
				C2898BBB2B69F4CC00AF9CE8 /* Detail */,
				C2898BB82B69F39100AF9CE8 /* Base */,
				C2898BB52B69E2BF00AF9CE8 /* Find */,
				C2898B5D2B68928900AF9CE8 /* Network */,
				C261957F2B6752EE003A49AE /* Search */,
				C26195782B673B5D003A49AE /* CustomView */,
				C26195702B6737BD003A49AE /* Home */,
				C26195582B6723D8003A49AE /* AppDelegate.swift */,
				C261955A2B6723D8003A49AE /* SceneDelegate.swift */,
				C261955C2B6723D8003A49AE /* ViewController.swift */,
				C261955E2B6723D8003A49AE /* Main.storyboard */,
				C261956C2B6727BE003A49AE /* SqaureBoxView.xib */,
				C261956E2B672950003A49AE /* SqaureBoxView.swift */,
				C26195612B6723DA003A49AE /* Assets.xcassets */,
				C26195632B6723DA003A49AE /* LaunchScreen.storyboard */,
				C26195662B6723DA003A49AE /* Info.plist */,
			);
			path = SeSAC4Seflix;
			sourceTree = "<group>";
		};
		C26195702B6737BD003A49AE /* Home */ = {
			isa = PBXGroup;
			children = (
				C26195712B6737D8003A49AE /* HomeViewController.swift */,
				C29DEEBF2B6B2511009AB30F /* HomeView.swift */,
			);
			path = Home;
			sourceTree = "<group>";
		};
		C26195782B673B5D003A49AE /* CustomView */ = {
			isa = PBXGroup;
			children = (
				C26195792B673B93003A49AE /* BlackRadiusTextField.swift */,
				C261957B2B674230003A49AE /* BlackTextLabel.swift */,
				C261957D2B6743AC003A49AE /* PosterImageView.swift */,
			);
			path = CustomView;
			sourceTree = "<group>";
		};
		C261957F2B6752EE003A49AE /* Search */ = {
			isa = PBXGroup;
			children = (
				C26195802B67530D003A49AE /* SearchViewController.swift */,
				C2898B542B687F9500AF9CE8 /* SearchCollectionViewCell.swift */,
				C2898B662B68B79E00AF9CE8 /* SearchTableViewCell.swift */,
			);
			path = Search;
			sourceTree = "<group>";
		};
		C2898B5D2B68928900AF9CE8 /* Network */ = {
			isa = PBXGroup;
			children = (
				C2898B5E2B6892A700AF9CE8 /* TMDBAPIManager.swift */,
				C2898B622B68942100AF9CE8 /* APIKey.swift */,
				C2898B642B6895AD00AF9CE8 /* TrendingModel.swift */,
				C2898BB32B69CE1F00AF9CE8 /* GCDViewController.swift */,
				C29DEEC52B6B5F0F009AB30F /* TMDBAPI.swift */,
				C2EEE4672B7069C00056C34C /* TMDBSessionManager.swift */,
				C2EEE46A2B71B7EE0056C34C /* NasaViewController.swift */,
			);
			path = Network;
			sourceTree = "<group>";
		};
		C2898BB52B69E2BF00AF9CE8 /* Find */ = {
			isa = PBXGroup;
			children = (
				C2898BB62B69E2EF00AF9CE8 /* FindViewController.swift */,
				C29DEEC12B6B31DD009AB30F /* FindView.swift */,
			);
			path = Find;
			sourceTree = "<group>";
		};
		C2898BB82B69F39100AF9CE8 /* Base */ = {
			isa = PBXGroup;
			children = (
				C2898BB92B69F3A400AF9CE8 /* BaseViewController.swift */,
				C29DEEC32B6B364A009AB30F /* BaseView.swift */,
			);
			path = Base;
			sourceTree = "<group>";
		};
		C2898BBB2B69F4CC00AF9CE8 /* Detail */ = {
			isa = PBXGroup;
			children = (
				C2898BBC2B69F4DB00AF9CE8 /* DetailViewController.swift */,
			);
			path = Detail;
			sourceTree = "<group>";
		};
/* End PBXGroup section */

/* Begin PBXNativeTarget section */
		C26195542B6723D8003A49AE /* SeSAC4Seflix */ = {
			isa = PBXNativeTarget;
			buildConfigurationList = C26195692B6723DA003A49AE /* Build configuration list for PBXNativeTarget "SeSAC4Seflix" */;
			buildPhases = (
				C26195512B6723D8003A49AE /* Sources */,
				C26195522B6723D8003A49AE /* Frameworks */,
				C26195532B6723D8003A49AE /* Resources */,
			);
			buildRules = (
			);
			dependencies = (
			);
			name = SeSAC4Seflix;
			packageProductDependencies = (
				C26195742B6738D9003A49AE /* SnapKit */,
				C26195762B6738D9003A49AE /* SnapKit-Dynamic */,
				C2898B572B68925A00AF9CE8 /* Alamofire */,
				C2898B5A2B68926100AF9CE8 /* Kingfisher */,
			);
			productName = SeSAC4Seflix;
			productReference = C26195552B6723D8003A49AE /* SeSAC4Seflix.app */;
			productType = "com.apple.product-type.application";
		};
/* End PBXNativeTarget section */

/* Begin PBXProject section */
		C261954D2B6723D8003A49AE /* Project object */ = {
			isa = PBXProject;
			attributes = {
				BuildIndependentTargetsInParallel = 1;
				LastSwiftUpdateCheck = 1510;
				LastUpgradeCheck = 1510;
				TargetAttributes = {
					C26195542B6723D8003A49AE = {
						CreatedOnToolsVersion = 15.1;
					};
				};
			};
			buildConfigurationList = C26195502B6723D8003A49AE /* Build configuration list for PBXProject "SeSAC4Seflix" */;
			compatibilityVersion = "Xcode 14.0";
			developmentRegion = en;
			hasScannedForEncodings = 0;
			knownRegions = (
				en,
				Base,
			);
			mainGroup = C261954C2B6723D8003A49AE;
			packageReferences = (
				C26195732B6738D9003A49AE /* XCRemoteSwiftPackageReference "SnapKit" */,
				C2898B562B68925A00AF9CE8 /* XCRemoteSwiftPackageReference "Alamofire" */,
				C2898B592B68926100AF9CE8 /* XCRemoteSwiftPackageReference "Kingfisher" */,
			);
			productRefGroup = C26195562B6723D8003A49AE /* Products */;
			projectDirPath = "";
			projectRoot = "";
			targets = (
				C26195542B6723D8003A49AE /* SeSAC4Seflix */,
			);
		};
/* End PBXProject section */

/* Begin PBXResourcesBuildPhase section */
		C26195532B6723D8003A49AE /* Resources */ = {
			isa = PBXResourcesBuildPhase;
			buildActionMask = 2147483647;
			files = (
				C2898B612B6893C800AF9CE8 /* .gitignore in Resources */,
				C26195652B6723DA003A49AE /* LaunchScreen.storyboard in Resources */,
				C26195622B6723DA003A49AE /* Assets.xcassets in Resources */,
				C26195602B6723D8003A49AE /* Main.storyboard in Resources */,
				C261956D2B6727BE003A49AE /* SqaureBoxView.xib in Resources */,
			);
			runOnlyForDeploymentPostprocessing = 0;
		};
/* End PBXResourcesBuildPhase section */

/* Begin PBXSourcesBuildPhase section */
		C26195512B6723D8003A49AE /* Sources */ = {
			isa = PBXSourcesBuildPhase;
			buildActionMask = 2147483647;
			files = (
				C26195722B6737D8003A49AE /* HomeViewController.swift in Sources */,
				C261955D2B6723D8003A49AE /* ViewController.swift in Sources */,
				C26195592B6723D8003A49AE /* AppDelegate.swift in Sources */,
				C26195812B67530D003A49AE /* SearchViewController.swift in Sources */,
				C2898BB72B69E2EF00AF9CE8 /* FindViewController.swift in Sources */,
				C2898BBA2B69F3A400AF9CE8 /* BaseViewController.swift in Sources */,
				C2EEE46B2B71B7EE0056C34C /* NasaViewController.swift in Sources */,
				C2898B5F2B6892A700AF9CE8 /* TMDBAPIManager.swift in Sources */,
				C2898B552B687F9500AF9CE8 /* SearchCollectionViewCell.swift in Sources */,
				C261957E2B6743AC003A49AE /* PosterImageView.swift in Sources */,
				C29DEEC42B6B364A009AB30F /* BaseView.swift in Sources */,
				C2306D142B6C90D800EB0A09 /* WalkThroughViewController.swift in Sources */,
				C261957A2B673B93003A49AE /* BlackRadiusTextField.swift in Sources */,
				C2898BBD2B69F4DB00AF9CE8 /* DetailViewController.swift in Sources */,
				C29DEEC62B6B5F0F009AB30F /* TMDBAPI.swift in Sources */,
				C261955B2B6723D8003A49AE /* SceneDelegate.swift in Sources */,
				C261956F2B672950003A49AE /* SqaureBoxView.swift in Sources */,
				C29DEEC02B6B2511009AB30F /* HomeView.swift in Sources */,
				C2898B632B68942100AF9CE8 /* APIKey.swift in Sources */,
				C2898B692B68CD8000AF9CE8 /* PosterModel.swift in Sources */,
				C2306D112B6C6B6600EB0A09 /* UIView+Extension.swift in Sources */,
				C261957C2B674230003A49AE /* BlackTextLabel.swift in Sources */,
				C29DEEC22B6B31DD009AB30F /* FindView.swift in Sources */,
				C2898B652B6895AD00AF9CE8 /* TrendingModel.swift in Sources */,
				C2898B672B68B79E00AF9CE8 /* SearchTableViewCell.swift in Sources */,
				C2898BB42B69CE1F00AF9CE8 /* GCDViewController.swift in Sources */,
				C2EEE4682B7069C00056C34C /* TMDBSessionManager.swift in Sources */,
			);
			runOnlyForDeploymentPostprocessing = 0;
		};
/* End PBXSourcesBuildPhase section */

/* Begin PBXVariantGroup section */
		C261955E2B6723D8003A49AE /* Main.storyboard */ = {
			isa = PBXVariantGroup;
			children = (
				C261955F2B6723D8003A49AE /* Base */,
			);
			name = Main.storyboard;
			sourceTree = "<group>";
		};
		C26195632B6723DA003A49AE /* LaunchScreen.storyboard */ = {
			isa = PBXVariantGroup;
			children = (
				C26195642B6723DA003A49AE /* Base */,
			);
			name = LaunchScreen.storyboard;
			sourceTree = "<group>";
		};
/* End PBXVariantGroup section */

/* Begin XCBuildConfiguration section */
		C26195672B6723DA003A49AE /* Debug */ = {
			isa = XCBuildConfiguration;
			buildSettings = {
				ALWAYS_SEARCH_USER_PATHS = NO;
				ASSETCATALOG_COMPILER_GENERATE_SWIFT_ASSET_SYMBOL_EXTENSIONS = YES;
				CLANG_ANALYZER_NONNULL = YES;
				CLANG_ANALYZER_NUMBER_OBJECT_CONVERSION = YES_AGGRESSIVE;
				CLANG_CXX_LANGUAGE_STANDARD = "gnu++20";
				CLANG_ENABLE_MODULES = YES;
				CLANG_ENABLE_OBJC_ARC = YES;
				CLANG_ENABLE_OBJC_WEAK = YES;
				CLANG_WARN_BLOCK_CAPTURE_AUTORELEASING = YES;
				CLANG_WARN_BOOL_CONVERSION = YES;
				CLANG_WARN_COMMA = YES;
				CLANG_WARN_CONSTANT_CONVERSION = YES;
				CLANG_WARN_DEPRECATED_OBJC_IMPLEMENTATIONS = YES;
				CLANG_WARN_DIRECT_OBJC_ISA_USAGE = YES_ERROR;
				CLANG_WARN_DOCUMENTATION_COMMENTS = YES;
				CLANG_WARN_EMPTY_BODY = YES;
				CLANG_WARN_ENUM_CONVERSION = YES;
				CLANG_WARN_INFINITE_RECURSION = YES;
				CLANG_WARN_INT_CONVERSION = YES;
				CLANG_WARN_NON_LITERAL_NULL_CONVERSION = YES;
				CLANG_WARN_OBJC_IMPLICIT_RETAIN_SELF = YES;
				CLANG_WARN_OBJC_LITERAL_CONVERSION = YES;
				CLANG_WARN_OBJC_ROOT_CLASS = YES_ERROR;
				CLANG_WARN_QUOTED_INCLUDE_IN_FRAMEWORK_HEADER = YES;
				CLANG_WARN_RANGE_LOOP_ANALYSIS = YES;
				CLANG_WARN_STRICT_PROTOTYPES = YES;
				CLANG_WARN_SUSPICIOUS_MOVE = YES;
				CLANG_WARN_UNGUARDED_AVAILABILITY = YES_AGGRESSIVE;
				CLANG_WARN_UNREACHABLE_CODE = YES;
				CLANG_WARN__DUPLICATE_METHOD_MATCH = YES;
				COPY_PHASE_STRIP = NO;
				DEBUG_INFORMATION_FORMAT = dwarf;
				ENABLE_STRICT_OBJC_MSGSEND = YES;
				ENABLE_TESTABILITY = YES;
				ENABLE_USER_SCRIPT_SANDBOXING = YES;
				GCC_C_LANGUAGE_STANDARD = gnu17;
				GCC_DYNAMIC_NO_PIC = NO;
				GCC_NO_COMMON_BLOCKS = YES;
				GCC_OPTIMIZATION_LEVEL = 0;
				GCC_PREPROCESSOR_DEFINITIONS = (
					"DEBUG=1",
					"$(inherited)",
				);
				GCC_WARN_64_TO_32_BIT_CONVERSION = YES;
				GCC_WARN_ABOUT_RETURN_TYPE = YES_ERROR;
				GCC_WARN_UNDECLARED_SELECTOR = YES;
				GCC_WARN_UNINITIALIZED_AUTOS = YES_AGGRESSIVE;
				GCC_WARN_UNUSED_FUNCTION = YES;
				GCC_WARN_UNUSED_VARIABLE = YES;
				IPHONEOS_DEPLOYMENT_TARGET = 17.2;
				LOCALIZATION_PREFERS_STRING_CATALOGS = YES;
				MTL_ENABLE_DEBUG_INFO = INCLUDE_SOURCE;
				MTL_FAST_MATH = YES;
				ONLY_ACTIVE_ARCH = YES;
				SDKROOT = iphoneos;
				SWIFT_ACTIVE_COMPILATION_CONDITIONS = "DEBUG $(inherited)";
				SWIFT_OPTIMIZATION_LEVEL = "-Onone";
			};
			name = Debug;
		};
		C26195682B6723DA003A49AE /* Release */ = {
			isa = XCBuildConfiguration;
			buildSettings = {
				ALWAYS_SEARCH_USER_PATHS = NO;
				ASSETCATALOG_COMPILER_GENERATE_SWIFT_ASSET_SYMBOL_EXTENSIONS = YES;
				CLANG_ANALYZER_NONNULL = YES;
				CLANG_ANALYZER_NUMBER_OBJECT_CONVERSION = YES_AGGRESSIVE;
				CLANG_CXX_LANGUAGE_STANDARD = "gnu++20";
				CLANG_ENABLE_MODULES = YES;
				CLANG_ENABLE_OBJC_ARC = YES;
				CLANG_ENABLE_OBJC_WEAK = YES;
				CLANG_WARN_BLOCK_CAPTURE_AUTORELEASING = YES;
				CLANG_WARN_BOOL_CONVERSION = YES;
				CLANG_WARN_COMMA = YES;
				CLANG_WARN_CONSTANT_CONVERSION = YES;
				CLANG_WARN_DEPRECATED_OBJC_IMPLEMENTATIONS = YES;
				CLANG_WARN_DIRECT_OBJC_ISA_USAGE = YES_ERROR;
				CLANG_WARN_DOCUMENTATION_COMMENTS = YES;
				CLANG_WARN_EMPTY_BODY = YES;
				CLANG_WARN_ENUM_CONVERSION = YES;
				CLANG_WARN_INFINITE_RECURSION = YES;
				CLANG_WARN_INT_CONVERSION = YES;
				CLANG_WARN_NON_LITERAL_NULL_CONVERSION = YES;
				CLANG_WARN_OBJC_IMPLICIT_RETAIN_SELF = YES;
				CLANG_WARN_OBJC_LITERAL_CONVERSION = YES;
				CLANG_WARN_OBJC_ROOT_CLASS = YES_ERROR;
				CLANG_WARN_QUOTED_INCLUDE_IN_FRAMEWORK_HEADER = YES;
				CLANG_WARN_RANGE_LOOP_ANALYSIS = YES;
				CLANG_WARN_STRICT_PROTOTYPES = YES;
				CLANG_WARN_SUSPICIOUS_MOVE = YES;
				CLANG_WARN_UNGUARDED_AVAILABILITY = YES_AGGRESSIVE;
				CLANG_WARN_UNREACHABLE_CODE = YES;
				CLANG_WARN__DUPLICATE_METHOD_MATCH = YES;
				COPY_PHASE_STRIP = NO;
				DEBUG_INFORMATION_FORMAT = "dwarf-with-dsym";
				ENABLE_NS_ASSERTIONS = NO;
				ENABLE_STRICT_OBJC_MSGSEND = YES;
				ENABLE_USER_SCRIPT_SANDBOXING = YES;
				GCC_C_LANGUAGE_STANDARD = gnu17;
				GCC_NO_COMMON_BLOCKS = YES;
				GCC_WARN_64_TO_32_BIT_CONVERSION = YES;
				GCC_WARN_ABOUT_RETURN_TYPE = YES_ERROR;
				GCC_WARN_UNDECLARED_SELECTOR = YES;
				GCC_WARN_UNINITIALIZED_AUTOS = YES_AGGRESSIVE;
				GCC_WARN_UNUSED_FUNCTION = YES;
				GCC_WARN_UNUSED_VARIABLE = YES;
				IPHONEOS_DEPLOYMENT_TARGET = 17.2;
				LOCALIZATION_PREFERS_STRING_CATALOGS = YES;
				MTL_ENABLE_DEBUG_INFO = NO;
				MTL_FAST_MATH = YES;
				SDKROOT = iphoneos;
				SWIFT_COMPILATION_MODE = wholemodule;
				VALIDATE_PRODUCT = YES;
			};
			name = Release;
		};
		C261956A2B6723DA003A49AE /* Debug */ = {
			isa = XCBuildConfiguration;
			buildSettings = {
				ASSETCATALOG_COMPILER_APPICON_NAME = AppIcon;
				ASSETCATALOG_COMPILER_GLOBAL_ACCENT_COLOR_NAME = AccentColor;
				CODE_SIGN_STYLE = Automatic;
				CURRENT_PROJECT_VERSION = 1;
				DEVELOPMENT_TEAM = 8HG96SSK4A;
				GENERATE_INFOPLIST_FILE = YES;
				INFOPLIST_FILE = SeSAC4Seflix/Info.plist;
				INFOPLIST_KEY_UIApplicationSupportsIndirectInputEvents = YES;
				INFOPLIST_KEY_UILaunchStoryboardName = LaunchScreen;
				INFOPLIST_KEY_UIMainStoryboardFile = Main;
				INFOPLIST_KEY_UISupportedInterfaceOrientations_iPad = "UIInterfaceOrientationPortrait UIInterfaceOrientationPortraitUpsideDown UIInterfaceOrientationLandscapeLeft UIInterfaceOrientationLandscapeRight";
				INFOPLIST_KEY_UISupportedInterfaceOrientations_iPhone = "UIInterfaceOrientationPortrait UIInterfaceOrientationLandscapeLeft UIInterfaceOrientationLandscapeRight";
				LD_RUNPATH_SEARCH_PATHS = (
					"$(inherited)",
					"@executable_path/Frameworks",
				);
				MARKETING_VERSION = 1.0;
				PRODUCT_BUNDLE_IDENTIFIER = com.cyndi.SeSAC4Seflix;
				PRODUCT_NAME = "$(TARGET_NAME)";
				SWIFT_EMIT_LOC_STRINGS = YES;
				SWIFT_VERSION = 5.0;
				TARGETED_DEVICE_FAMILY = "1,2";
			};
			name = Debug;
		};
		C261956B2B6723DA003A49AE /* Release */ = {
			isa = XCBuildConfiguration;
			buildSettings = {
				ASSETCATALOG_COMPILER_APPICON_NAME = AppIcon;
				ASSETCATALOG_COMPILER_GLOBAL_ACCENT_COLOR_NAME = AccentColor;
				CODE_SIGN_STYLE = Automatic;
				CURRENT_PROJECT_VERSION = 1;
				DEVELOPMENT_TEAM = 8HG96SSK4A;
				GENERATE_INFOPLIST_FILE = YES;
				INFOPLIST_FILE = SeSAC4Seflix/Info.plist;
				INFOPLIST_KEY_UIApplicationSupportsIndirectInputEvents = YES;
				INFOPLIST_KEY_UILaunchStoryboardName = LaunchScreen;
				INFOPLIST_KEY_UIMainStoryboardFile = Main;
				INFOPLIST_KEY_UISupportedInterfaceOrientations_iPad = "UIInterfaceOrientationPortrait UIInterfaceOrientationPortraitUpsideDown UIInterfaceOrientationLandscapeLeft UIInterfaceOrientationLandscapeRight";
				INFOPLIST_KEY_UISupportedInterfaceOrientations_iPhone = "UIInterfaceOrientationPortrait UIInterfaceOrientationLandscapeLeft UIInterfaceOrientationLandscapeRight";
				LD_RUNPATH_SEARCH_PATHS = (
					"$(inherited)",
					"@executable_path/Frameworks",
				);
				MARKETING_VERSION = 1.0;
				PRODUCT_BUNDLE_IDENTIFIER = com.cyndi.SeSAC4Seflix;
				PRODUCT_NAME = "$(TARGET_NAME)";
				SWIFT_EMIT_LOC_STRINGS = YES;
				SWIFT_VERSION = 5.0;
				TARGETED_DEVICE_FAMILY = "1,2";
			};
			name = Release;
		};
/* End XCBuildConfiguration section */

/* Begin XCConfigurationList section */
		C26195502B6723D8003A49AE /* Build configuration list for PBXProject "SeSAC4Seflix" */ = {
			isa = XCConfigurationList;
			buildConfigurations = (
				C26195672B6723DA003A49AE /* Debug */,
				C26195682B6723DA003A49AE /* Release */,
			);
			defaultConfigurationIsVisible = 0;
			defaultConfigurationName = Release;
		};
		C26195692B6723DA003A49AE /* Build configuration list for PBXNativeTarget "SeSAC4Seflix" */ = {
			isa = XCConfigurationList;
			buildConfigurations = (
				C261956A2B6723DA003A49AE /* Debug */,
				C261956B2B6723DA003A49AE /* Release */,
			);
			defaultConfigurationIsVisible = 0;
			defaultConfigurationName = Release;
		};
/* End XCConfigurationList section */

/* Begin XCRemoteSwiftPackageReference section */
		C26195732B6738D9003A49AE /* XCRemoteSwiftPackageReference "SnapKit" */ = {
			isa = XCRemoteSwiftPackageReference;
			repositoryURL = "https://github.com/SnapKit/SnapKit.git";
			requirement = {
				kind = upToNextMajorVersion;
				minimumVersion = 5.7.0;
			};
		};
		C2898B562B68925A00AF9CE8 /* XCRemoteSwiftPackageReference "Alamofire" */ = {
			isa = XCRemoteSwiftPackageReference;
			repositoryURL = "https://github.com/Alamofire/Alamofire";
			requirement = {
				kind = upToNextMajorVersion;
				minimumVersion = 5.8.1;
			};
		};
		C2898B592B68926100AF9CE8 /* XCRemoteSwiftPackageReference "Kingfisher" */ = {
			isa = XCRemoteSwiftPackageReference;
			repositoryURL = "https://github.com/onevcat/Kingfisher";
			requirement = {
				kind = upToNextMajorVersion;
				minimumVersion = 7.10.2;
			};
		};
/* End XCRemoteSwiftPackageReference section */

/* Begin XCSwiftPackageProductDependency section */
		C26195742B6738D9003A49AE /* SnapKit */ = {
			isa = XCSwiftPackageProductDependency;
			package = C26195732B6738D9003A49AE /* XCRemoteSwiftPackageReference "SnapKit" */;
			productName = SnapKit;
		};
		C26195762B6738D9003A49AE /* SnapKit-Dynamic */ = {
			isa = XCSwiftPackageProductDependency;
			package = C26195732B6738D9003A49AE /* XCRemoteSwiftPackageReference "SnapKit" */;
			productName = "SnapKit-Dynamic";
		};
		C2898B572B68925A00AF9CE8 /* Alamofire */ = {
			isa = XCSwiftPackageProductDependency;
			package = C2898B562B68925A00AF9CE8 /* XCRemoteSwiftPackageReference "Alamofire" */;
			productName = Alamofire;
		};
		C2898B5A2B68926100AF9CE8 /* Kingfisher */ = {
			isa = XCSwiftPackageProductDependency;
			package = C2898B592B68926100AF9CE8 /* XCRemoteSwiftPackageReference "Kingfisher" */;
			productName = Kingfisher;
		};
/* End XCSwiftPackageProductDependency section */
	};
	rootObject = C261954D2B6723D8003A49AE /* Project object */;
}
